
Microsoft Visual Studio Solution File, Format Version 12.00
# Visual Studio 2012
Project("{FAE04EC0-301F-11D3-BF4B-00C04F79EFBC}") = "BlitsMeService", "BlitsMeService\BlitsMeService.csproj", "{90B503C9-7032-4A9C-9D1A-B1187CDB56A8}"
EndProject
Project("{FAE04EC0-301F-11D3-BF4B-00C04F79EFBC}") = "BlitsMeAgent", "BlitsMeAgent\BlitsMeAgent.csproj", "{211D2399-36E1-4E1E-BFC5-FE76F7A8EFCC}"
EndProject
Project("{FAE04EC0-301F-11D3-BF4B-00C04F79EFBC}") = "BlitsMeCloudClient", "BlitsMeCloudClient\BlitsMeCloudClient.csproj", "{751A6516-1FE8-47F4-A754-8AA5594FFB11}"
EndProject
Project("{FAE04EC0-301F-11D3-BF4B-00C04F79EFBC}") = "WebSocket", "WebSocketLib\WebSocket.csproj", "{18413B76-A1FD-450D-989C-30B9F448F966}"
EndProject
Project("{FAE04EC0-301F-11D3-BF4B-00C04F79EFBC}") = "BlitsMeServiceHost", "BlitsMeServiceHost\BlitsMeServiceHost.csproj", "{3D791A7A-2044-42A0-902A-FC86EDE214D4}"
EndProject
Project("{FAE04EC0-301F-11D3-BF4B-00C04F79EFBC}") = "BlitsMeServiceProxy", "BlitsMeServiceProxy\BlitsMeServiceProxy.csproj", "{22BB8667-895C-449A-9DCC-90CB1900F8CB}"
EndProject
Project("{FAE04EC0-301F-11D3-BF4B-00C04F79EFBC}") = "BlitsMeCommon", "BlitsMeCommon\BlitsMeCommon.csproj", "{1B355F1C-9D50-4BAB-8CEB-E6CA72E6DE69}"
EndProject
Project("{FAE04EC0-301F-11D3-BF4B-00C04F79EFBC}") = "BlitsMeP2PConnection", "BlitsMeP2PConnection\BlitsMeP2PConnection.csproj", "{C8080119-3305-43B5-8944-592DBC960F12}"
EndProject
Project("{FAE04EC0-301F-11D3-BF4B-00C04F79EFBC}") = "BlitsMe.Sandbox", "BlitsMe.Sandbox\BlitsMe.Sandbox.csproj", "{475011C7-1636-4C6F-BF65-37D03C9A8B41}"
EndProject
Project("{930C7802-8A8C-48F9-8165-68863BCCD9DD}") = "BlitsMeSetup", "BlitsMeSetup\BlitsMeSetup.wixproj", "{41B5AB51-8D24-4D3D-9448-6F3584A34C34}"
EndProject
Project("{FAE04EC0-301F-11D3-BF4B-00C04F79EFBC}") = "BlitsMeSetupCustomAction", "BlitsMeSetupCustomAction\BlitsMeSetupCustomAction.csproj", "{8266DA82-5594-4CEA-BF14-413BD5FA95E5}"
EndProject
Project("{FAE04EC0-301F-11D3-BF4B-00C04F79EFBC}") = "BlitsMeUpgradeAgent", "BlitsMeUpgradeAgent\BlitsMeUpgradeAgent.csproj", "{6702E385-F3B9-4B63-B094-70EEB5C6126B}"
EndProject
Project("{FAE04EC0-301F-11D3-BF4B-00C04F79EFBC}") = "BlitsMe.TransportEmulator", "BlitsMe.TransportEmulator\BlitsMe.TransportEmulator.csproj", "{5D03D6CA-077B-4EF3-8937-8B05114B6A22}"
EndProject
Global
	GlobalSection(SolutionConfigurationPlatforms) = preSolution
		CD_ROM|Any CPU = CD_ROM|Any CPU
		CD_ROM|Mixed Platforms = CD_ROM|Mixed Platforms
		CD_ROM|x64 = CD_ROM|x64
		CD_ROM|x86 = CD_ROM|x86
		Debug|Any CPU = Debug|Any CPU
		Debug|Mixed Platforms = Debug|Mixed Platforms
		Debug|x64 = Debug|x64
		Debug|x86 = Debug|x86
		DVD-5|Any CPU = DVD-5|Any CPU
		DVD-5|Mixed Platforms = DVD-5|Mixed Platforms
		DVD-5|x64 = DVD-5|x64
		DVD-5|x86 = DVD-5|x86
		Release|Any CPU = Release|Any CPU
		Release|Mixed Platforms = Release|Mixed Platforms
		Release|x64 = Release|x64
		Release|x86 = Release|x86
		SingleImage|Any CPU = SingleImage|Any CPU
		SingleImage|Mixed Platforms = SingleImage|Mixed Platforms
		SingleImage|x64 = SingleImage|x64
		SingleImage|x86 = SingleImage|x86
		Description = BlitsMe System Management and Monitoring Agent
	EndGlobalSection
	GlobalSection(ProjectConfigurationPlatforms) = postSolution
		{90B503C9-7032-4A9C-9D1A-B1187CDB56A8}.CD_ROM|Any CPU.ActiveCfg = Release|Any CPU
		{90B503C9-7032-4A9C-9D1A-B1187CDB56A8}.CD_ROM|Any CPU.Build.0 = Release|Any CPU
		{90B503C9-7032-4A9C-9D1A-B1187CDB56A8}.CD_ROM|Mixed Platforms.ActiveCfg = Release|x86
		{90B503C9-7032-4A9C-9D1A-B1187CDB56A8}.CD_ROM|Mixed Platforms.Build.0 = Release|x86
		{90B503C9-7032-4A9C-9D1A-B1187CDB56A8}.CD_ROM|x64.ActiveCfg = Debug|x64
		{90B503C9-7032-4A9C-9D1A-B1187CDB56A8}.CD_ROM|x64.Build.0 = Debug|x64
		{90B503C9-7032-4A9C-9D1A-B1187CDB56A8}.CD_ROM|x86.ActiveCfg = Release|x86
		{90B503C9-7032-4A9C-9D1A-B1187CDB56A8}.CD_ROM|x86.Build.0 = Release|x86
		{90B503C9-7032-4A9C-9D1A-B1187CDB56A8}.Debug|Any CPU.ActiveCfg = Debug|Any CPU
		{90B503C9-7032-4A9C-9D1A-B1187CDB56A8}.Debug|Any CPU.Build.0 = Debug|Any CPU
		{90B503C9-7032-4A9C-9D1A-B1187CDB56A8}.Debug|Mixed Platforms.ActiveCfg = Debug|x86
		{90B503C9-7032-4A9C-9D1A-B1187CDB56A8}.Debug|Mixed Platforms.Build.0 = Debug|x86
		{90B503C9-7032-4A9C-9D1A-B1187CDB56A8}.Debug|x64.ActiveCfg = Debug|Any CPU
		{90B503C9-7032-4A9C-9D1A-B1187CDB56A8}.Debug|x64.Build.0 = Debug|Any CPU
		{90B503C9-7032-4A9C-9D1A-B1187CDB56A8}.Debug|x86.ActiveCfg = Debug|x86
		{90B503C9-7032-4A9C-9D1A-B1187CDB56A8}.Debug|x86.Build.0 = Debug|x86
		{90B503C9-7032-4A9C-9D1A-B1187CDB56A8}.DVD-5|Any CPU.ActiveCfg = Debug|Any CPU
		{90B503C9-7032-4A9C-9D1A-B1187CDB56A8}.DVD-5|Any CPU.Build.0 = Debug|Any CPU
		{90B503C9-7032-4A9C-9D1A-B1187CDB56A8}.DVD-5|Mixed Platforms.ActiveCfg = Debug|x86
		{90B503C9-7032-4A9C-9D1A-B1187CDB56A8}.DVD-5|Mixed Platforms.Build.0 = Debug|x86
		{90B503C9-7032-4A9C-9D1A-B1187CDB56A8}.DVD-5|x64.ActiveCfg = Debug|x64
		{90B503C9-7032-4A9C-9D1A-B1187CDB56A8}.DVD-5|x64.Build.0 = Debug|x64
		{90B503C9-7032-4A9C-9D1A-B1187CDB56A8}.DVD-5|x86.ActiveCfg = Debug|x86
		{90B503C9-7032-4A9C-9D1A-B1187CDB56A8}.DVD-5|x86.Build.0 = Debug|x86
		{90B503C9-7032-4A9C-9D1A-B1187CDB56A8}.Release|Any CPU.ActiveCfg = Release|Any CPU
		{90B503C9-7032-4A9C-9D1A-B1187CDB56A8}.Release|Any CPU.Build.0 = Release|Any CPU
		{90B503C9-7032-4A9C-9D1A-B1187CDB56A8}.Release|Mixed Platforms.ActiveCfg = Release|Any CPU
		{90B503C9-7032-4A9C-9D1A-B1187CDB56A8}.Release|Mixed Platforms.Build.0 = Release|Any CPU
		{90B503C9-7032-4A9C-9D1A-B1187CDB56A8}.Release|x64.ActiveCfg = Release|x64
		{90B503C9-7032-4A9C-9D1A-B1187CDB56A8}.Release|x64.Build.0 = Release|x64
		{90B503C9-7032-4A9C-9D1A-B1187CDB56A8}.Release|x86.ActiveCfg = Release|x86
		{90B503C9-7032-4A9C-9D1A-B1187CDB56A8}.Release|x86.Build.0 = Release|x86
		{90B503C9-7032-4A9C-9D1A-B1187CDB56A8}.SingleImage|Any CPU.ActiveCfg = Release|Any CPU
		{90B503C9-7032-4A9C-9D1A-B1187CDB56A8}.SingleImage|Any CPU.Build.0 = Release|Any CPU
		{90B503C9-7032-4A9C-9D1A-B1187CDB56A8}.SingleImage|Mixed Platforms.ActiveCfg = Release|x86
		{90B503C9-7032-4A9C-9D1A-B1187CDB56A8}.SingleImage|Mixed Platforms.Build.0 = Release|x86
		{90B503C9-7032-4A9C-9D1A-B1187CDB56A8}.SingleImage|x64.ActiveCfg = Debug|x64
		{90B503C9-7032-4A9C-9D1A-B1187CDB56A8}.SingleImage|x64.Build.0 = Debug|x64
		{90B503C9-7032-4A9C-9D1A-B1187CDB56A8}.SingleImage|x86.ActiveCfg = Release|x86
		{90B503C9-7032-4A9C-9D1A-B1187CDB56A8}.SingleImage|x86.Build.0 = Release|x86
		{211D2399-36E1-4E1E-BFC5-FE76F7A8EFCC}.CD_ROM|Any CPU.ActiveCfg = Release|Any CPU
		{211D2399-36E1-4E1E-BFC5-FE76F7A8EFCC}.CD_ROM|Any CPU.Build.0 = Release|Any CPU
		{211D2399-36E1-4E1E-BFC5-FE76F7A8EFCC}.CD_ROM|Mixed Platforms.ActiveCfg = Release|x86
		{211D2399-36E1-4E1E-BFC5-FE76F7A8EFCC}.CD_ROM|Mixed Platforms.Build.0 = Release|x86
		{211D2399-36E1-4E1E-BFC5-FE76F7A8EFCC}.CD_ROM|x64.ActiveCfg = Debug|x64
		{211D2399-36E1-4E1E-BFC5-FE76F7A8EFCC}.CD_ROM|x64.Build.0 = Debug|x64
		{211D2399-36E1-4E1E-BFC5-FE76F7A8EFCC}.CD_ROM|x86.ActiveCfg = Release|x86
		{211D2399-36E1-4E1E-BFC5-FE76F7A8EFCC}.CD_ROM|x86.Build.0 = Release|x86
		{211D2399-36E1-4E1E-BFC5-FE76F7A8EFCC}.Debug|Any CPU.ActiveCfg = Debug|Any CPU
		{211D2399-36E1-4E1E-BFC5-FE76F7A8EFCC}.Debug|Any CPU.Build.0 = Debug|Any CPU
		{211D2399-36E1-4E1E-BFC5-FE76F7A8EFCC}.Debug|Mixed Platforms.ActiveCfg = Debug|x86
		{211D2399-36E1-4E1E-BFC5-FE76F7A8EFCC}.Debug|Mixed Platforms.Build.0 = Debug|x86
		{211D2399-36E1-4E1E-BFC5-FE76F7A8EFCC}.Debug|x64.ActiveCfg = Debug|Any CPU
		{211D2399-36E1-4E1E-BFC5-FE76F7A8EFCC}.Debug|x64.Build.0 = Debug|Any CPU
		{211D2399-36E1-4E1E-BFC5-FE76F7A8EFCC}.Debug|x86.ActiveCfg = Debug|x86
		{211D2399-36E1-4E1E-BFC5-FE76F7A8EFCC}.Debug|x86.Build.0 = Debug|x86
		{211D2399-36E1-4E1E-BFC5-FE76F7A8EFCC}.DVD-5|Any CPU.ActiveCfg = Debug|Any CPU
		{211D2399-36E1-4E1E-BFC5-FE76F7A8EFCC}.DVD-5|Any CPU.Build.0 = Debug|Any CPU
		{211D2399-36E1-4E1E-BFC5-FE76F7A8EFCC}.DVD-5|Mixed Platforms.ActiveCfg = Debug|x86
		{211D2399-36E1-4E1E-BFC5-FE76F7A8EFCC}.DVD-5|Mixed Platforms.Build.0 = Debug|x86
		{211D2399-36E1-4E1E-BFC5-FE76F7A8EFCC}.DVD-5|x64.ActiveCfg = Debug|x64
		{211D2399-36E1-4E1E-BFC5-FE76F7A8EFCC}.DVD-5|x64.Build.0 = Debug|x64
		{211D2399-36E1-4E1E-BFC5-FE76F7A8EFCC}.DVD-5|x86.ActiveCfg = Debug|x86
		{211D2399-36E1-4E1E-BFC5-FE76F7A8EFCC}.DVD-5|x86.Build.0 = Debug|x86
		{211D2399-36E1-4E1E-BFC5-FE76F7A8EFCC}.Release|Any CPU.ActiveCfg = Release|Any CPU
		{211D2399-36E1-4E1E-BFC5-FE76F7A8EFCC}.Release|Any CPU.Build.0 = Release|Any CPU
		{211D2399-36E1-4E1E-BFC5-FE76F7A8EFCC}.Release|Mixed Platforms.ActiveCfg = Release|Any CPU
		{211D2399-36E1-4E1E-BFC5-FE76F7A8EFCC}.Release|Mixed Platforms.Build.0 = Release|Any CPU
		{211D2399-36E1-4E1E-BFC5-FE76F7A8EFCC}.Release|x64.ActiveCfg = Release|x64
		{211D2399-36E1-4E1E-BFC5-FE76F7A8EFCC}.Release|x64.Build.0 = Release|x64
		{211D2399-36E1-4E1E-BFC5-FE76F7A8EFCC}.Release|x86.ActiveCfg = Release|x86
		{211D2399-36E1-4E1E-BFC5-FE76F7A8EFCC}.Release|x86.Build.0 = Release|x86
		{211D2399-36E1-4E1E-BFC5-FE76F7A8EFCC}.SingleImage|Any CPU.ActiveCfg = Release|Any CPU
		{211D2399-36E1-4E1E-BFC5-FE76F7A8EFCC}.SingleImage|Any CPU.Build.0 = Release|Any CPU
		{211D2399-36E1-4E1E-BFC5-FE76F7A8EFCC}.SingleImage|Mixed Platforms.ActiveCfg = Release|x86
		{211D2399-36E1-4E1E-BFC5-FE76F7A8EFCC}.SingleImage|Mixed Platforms.Build.0 = Release|x86
		{211D2399-36E1-4E1E-BFC5-FE76F7A8EFCC}.SingleImage|x64.ActiveCfg = Debug|x64
		{211D2399-36E1-4E1E-BFC5-FE76F7A8EFCC}.SingleImage|x64.Build.0 = Debug|x64
		{211D2399-36E1-4E1E-BFC5-FE76F7A8EFCC}.SingleImage|x86.ActiveCfg = Release|x86
		{211D2399-36E1-4E1E-BFC5-FE76F7A8EFCC}.SingleImage|x86.Build.0 = Release|x86
		{751A6516-1FE8-47F4-A754-8AA5594FFB11}.CD_ROM|Any CPU.ActiveCfg = Release|Any CPU
		{751A6516-1FE8-47F4-A754-8AA5594FFB11}.CD_ROM|Any CPU.Build.0 = Release|Any CPU
		{751A6516-1FE8-47F4-A754-8AA5594FFB11}.CD_ROM|Mixed Platforms.ActiveCfg = Release|Any CPU
		{751A6516-1FE8-47F4-A754-8AA5594FFB11}.CD_ROM|Mixed Platforms.Build.0 = Release|Any CPU
		{751A6516-1FE8-47F4-A754-8AA5594FFB11}.CD_ROM|x64.ActiveCfg = Release|Any CPU
		{751A6516-1FE8-47F4-A754-8AA5594FFB11}.CD_ROM|x86.ActiveCfg = Release|Any CPU
		{751A6516-1FE8-47F4-A754-8AA5594FFB11}.Debug|Any CPU.ActiveCfg = Debug|Any CPU
		{751A6516-1FE8-47F4-A754-8AA5594FFB11}.Debug|Any CPU.Build.0 = Debug|Any CPU
		{751A6516-1FE8-47F4-A754-8AA5594FFB11}.Debug|Mixed Platforms.ActiveCfg = Debug|Any CPU
		{751A6516-1FE8-47F4-A754-8AA5594FFB11}.Debug|Mixed Platforms.Build.0 = Debug|Any CPU
		{751A6516-1FE8-47F4-A754-8AA5594FFB11}.Debug|x64.ActiveCfg = Debug|Any CPU
		{751A6516-1FE8-47F4-A754-8AA5594FFB11}.Debug|x64.Build.0 = Debug|Any CPU
		{751A6516-1FE8-47F4-A754-8AA5594FFB11}.Debug|x86.ActiveCfg = Debug|x86
		{751A6516-1FE8-47F4-A754-8AA5594FFB11}.Debug|x86.Build.0 = Debug|x86
		{751A6516-1FE8-47F4-A754-8AA5594FFB11}.DVD-5|Any CPU.ActiveCfg = Debug|Any CPU
		{751A6516-1FE8-47F4-A754-8AA5594FFB11}.DVD-5|Any CPU.Build.0 = Debug|Any CPU
		{751A6516-1FE8-47F4-A754-8AA5594FFB11}.DVD-5|Mixed Platforms.ActiveCfg = Debug|Any CPU
		{751A6516-1FE8-47F4-A754-8AA5594FFB11}.DVD-5|Mixed Platforms.Build.0 = Debug|Any CPU
		{751A6516-1FE8-47F4-A754-8AA5594FFB11}.DVD-5|x64.ActiveCfg = Debug|Any CPU
		{751A6516-1FE8-47F4-A754-8AA5594FFB11}.DVD-5|x86.ActiveCfg = Debug|Any CPU
		{751A6516-1FE8-47F4-A754-8AA5594FFB11}.Release|Any CPU.ActiveCfg = Release|Any CPU
		{751A6516-1FE8-47F4-A754-8AA5594FFB11}.Release|Any CPU.Build.0 = Release|Any CPU
		{751A6516-1FE8-47F4-A754-8AA5594FFB11}.Release|Mixed Platforms.ActiveCfg = Release|Any CPU
		{751A6516-1FE8-47F4-A754-8AA5594FFB11}.Release|Mixed Platforms.Build.0 = Release|Any CPU
		{751A6516-1FE8-47F4-A754-8AA5594FFB11}.Release|x64.ActiveCfg = Release|Any CPU
		{751A6516-1FE8-47F4-A754-8AA5594FFB11}.Release|x86.ActiveCfg = Release|Any CPU
		{751A6516-1FE8-47F4-A754-8AA5594FFB11}.SingleImage|Any CPU.ActiveCfg = Release|Any CPU
		{751A6516-1FE8-47F4-A754-8AA5594FFB11}.SingleImage|Any CPU.Build.0 = Release|Any CPU
		{751A6516-1FE8-47F4-A754-8AA5594FFB11}.SingleImage|Mixed Platforms.ActiveCfg = Release|Any CPU
		{751A6516-1FE8-47F4-A754-8AA5594FFB11}.SingleImage|Mixed Platforms.Build.0 = Release|Any CPU
		{751A6516-1FE8-47F4-A754-8AA5594FFB11}.SingleImage|x64.ActiveCfg = Release|Any CPU
		{751A6516-1FE8-47F4-A754-8AA5594FFB11}.SingleImage|x86.ActiveCfg = Release|Any CPU
		{18413B76-A1FD-450D-989C-30B9F448F966}.CD_ROM|Any CPU.ActiveCfg = Release|Any CPU
		{18413B76-A1FD-450D-989C-30B9F448F966}.CD_ROM|Any CPU.Build.0 = Release|Any CPU
		{18413B76-A1FD-450D-989C-30B9F448F966}.CD_ROM|Mixed Platforms.ActiveCfg = Release|x86
		{18413B76-A1FD-450D-989C-30B9F448F966}.CD_ROM|Mixed Platforms.Build.0 = Release|x86
		{18413B76-A1FD-450D-989C-30B9F448F966}.CD_ROM|x64.ActiveCfg = Release|Any CPU
		{18413B76-A1FD-450D-989C-30B9F448F966}.CD_ROM|x86.ActiveCfg = Release|x86
		{18413B76-A1FD-450D-989C-30B9F448F966}.CD_ROM|x86.Build.0 = Release|x86
		{18413B76-A1FD-450D-989C-30B9F448F966}.Debug|Any CPU.ActiveCfg = Debug|Any CPU
		{18413B76-A1FD-450D-989C-30B9F448F966}.Debug|Any CPU.Build.0 = Debug|Any CPU
		{18413B76-A1FD-450D-989C-30B9F448F966}.Debug|Mixed Platforms.ActiveCfg = Debug|x86
		{18413B76-A1FD-450D-989C-30B9F448F966}.Debug|Mixed Platforms.Build.0 = Debug|x86
		{18413B76-A1FD-450D-989C-30B9F448F966}.Debug|x64.ActiveCfg = Debug|x86
		{18413B76-A1FD-450D-989C-30B9F448F966}.Debug|x86.ActiveCfg = Debug|x86
		{18413B76-A1FD-450D-989C-30B9F448F966}.Debug|x86.Build.0 = Debug|x86
		{18413B76-A1FD-450D-989C-30B9F448F966}.DVD-5|Any CPU.ActiveCfg = Debug|Any CPU
		{18413B76-A1FD-450D-989C-30B9F448F966}.DVD-5|Any CPU.Build.0 = Debug|Any CPU
		{18413B76-A1FD-450D-989C-30B9F448F966}.DVD-5|Mixed Platforms.ActiveCfg = Debug|x86
		{18413B76-A1FD-450D-989C-30B9F448F966}.DVD-5|Mixed Platforms.Build.0 = Debug|x86
		{18413B76-A1FD-450D-989C-30B9F448F966}.DVD-5|x64.ActiveCfg = Debug|Any CPU
		{18413B76-A1FD-450D-989C-30B9F448F966}.DVD-5|x86.ActiveCfg = Debug|x86
		{18413B76-A1FD-450D-989C-30B9F448F966}.DVD-5|x86.Build.0 = Debug|x86
		{18413B76-A1FD-450D-989C-30B9F448F966}.Release|Any CPU.ActiveCfg = Release|Any CPU
		{18413B76-A1FD-450D-989C-30B9F448F966}.Release|Any CPU.Build.0 = Release|Any CPU
		{18413B76-A1FD-450D-989C-30B9F448F966}.Release|Mixed Platforms.ActiveCfg = Release|Any CPU
		{18413B76-A1FD-450D-989C-30B9F448F966}.Release|Mixed Platforms.Build.0 = Release|Any CPU
		{18413B76-A1FD-450D-989C-30B9F448F966}.Release|x64.ActiveCfg = Release|x86
		{18413B76-A1FD-450D-989C-30B9F448F966}.Release|x86.ActiveCfg = Release|x86
		{18413B76-A1FD-450D-989C-30B9F448F966}.Release|x86.Build.0 = Release|x86
		{18413B76-A1FD-450D-989C-30B9F448F966}.SingleImage|Any CPU.ActiveCfg = Release|Any CPU
		{18413B76-A1FD-450D-989C-30B9F448F966}.SingleImage|Any CPU.Build.0 = Release|Any CPU
		{18413B76-A1FD-450D-989C-30B9F448F966}.SingleImage|Mixed Platforms.ActiveCfg = Release|x86
		{18413B76-A1FD-450D-989C-30B9F448F966}.SingleImage|Mixed Platforms.Build.0 = Release|x86
		{18413B76-A1FD-450D-989C-30B9F448F966}.SingleImage|x64.ActiveCfg = Release|Any CPU
		{18413B76-A1FD-450D-989C-30B9F448F966}.SingleImage|x86.ActiveCfg = Release|x86
		{18413B76-A1FD-450D-989C-30B9F448F966}.SingleImage|x86.Build.0 = Release|x86
		{3D791A7A-2044-42A0-902A-FC86EDE214D4}.CD_ROM|Any CPU.ActiveCfg = Release|Any CPU
		{3D791A7A-2044-42A0-902A-FC86EDE214D4}.CD_ROM|Any CPU.Build.0 = Release|Any CPU
		{3D791A7A-2044-42A0-902A-FC86EDE214D4}.CD_ROM|Mixed Platforms.ActiveCfg = Release|Any CPU
		{3D791A7A-2044-42A0-902A-FC86EDE214D4}.CD_ROM|Mixed Platforms.Build.0 = Release|Any CPU
		{3D791A7A-2044-42A0-902A-FC86EDE214D4}.CD_ROM|x64.ActiveCfg = Release|Any CPU
		{3D791A7A-2044-42A0-902A-FC86EDE214D4}.CD_ROM|x86.ActiveCfg = Release|Any CPU
		{3D791A7A-2044-42A0-902A-FC86EDE214D4}.Debug|Any CPU.ActiveCfg = Debug|Any CPU
		{3D791A7A-2044-42A0-902A-FC86EDE214D4}.Debug|Any CPU.Build.0 = Debug|Any CPU
		{3D791A7A-2044-42A0-902A-FC86EDE214D4}.Debug|Mixed Platforms.ActiveCfg = Debug|Any CPU
		{3D791A7A-2044-42A0-902A-FC86EDE214D4}.Debug|Mixed Platforms.Build.0 = Debug|Any CPU
		{3D791A7A-2044-42A0-902A-FC86EDE214D4}.Debug|x64.ActiveCfg = Debug|Any CPU
		{3D791A7A-2044-42A0-902A-FC86EDE214D4}.Debug|x64.Build.0 = Debug|Any CPU
		{3D791A7A-2044-42A0-902A-FC86EDE214D4}.Debug|x86.ActiveCfg = Debug|x86
		{3D791A7A-2044-42A0-902A-FC86EDE214D4}.Debug|x86.Build.0 = Debug|x86
		{3D791A7A-2044-42A0-902A-FC86EDE214D4}.DVD-5|Any CPU.ActiveCfg = Debug|Any CPU
		{3D791A7A-2044-42A0-902A-FC86EDE214D4}.DVD-5|Any CPU.Build.0 = Debug|Any CPU
		{3D791A7A-2044-42A0-902A-FC86EDE214D4}.DVD-5|Mixed Platforms.ActiveCfg = Debug|Any CPU
		{3D791A7A-2044-42A0-902A-FC86EDE214D4}.DVD-5|Mixed Platforms.Build.0 = Debug|Any CPU
		{3D791A7A-2044-42A0-902A-FC86EDE214D4}.DVD-5|x64.ActiveCfg = Debug|Any CPU
		{3D791A7A-2044-42A0-902A-FC86EDE214D4}.DVD-5|x86.ActiveCfg = Debug|Any CPU
		{3D791A7A-2044-42A0-902A-FC86EDE214D4}.Release|Any CPU.ActiveCfg = Release|Any CPU
		{3D791A7A-2044-42A0-902A-FC86EDE214D4}.Release|Any CPU.Build.0 = Release|Any CPU
		{3D791A7A-2044-42A0-902A-FC86EDE214D4}.Release|Mixed Platforms.ActiveCfg = Release|Any CPU
		{3D791A7A-2044-42A0-902A-FC86EDE214D4}.Release|Mixed Platforms.Build.0 = Release|Any CPU
		{3D791A7A-2044-42A0-902A-FC86EDE214D4}.Release|x64.ActiveCfg = Release|Any CPU
		{3D791A7A-2044-42A0-902A-FC86EDE214D4}.Release|x86.ActiveCfg = Release|Any CPU
		{3D791A7A-2044-42A0-902A-FC86EDE214D4}.SingleImage|Any CPU.ActiveCfg = Release|Any CPU
		{3D791A7A-2044-42A0-902A-FC86EDE214D4}.SingleImage|Any CPU.Build.0 = Release|Any CPU
		{3D791A7A-2044-42A0-902A-FC86EDE214D4}.SingleImage|Mixed Platforms.ActiveCfg = Release|Any CPU
		{3D791A7A-2044-42A0-902A-FC86EDE214D4}.SingleImage|Mixed Platforms.Build.0 = Release|Any CPU
		{3D791A7A-2044-42A0-902A-FC86EDE214D4}.SingleImage|x64.ActiveCfg = Release|Any CPU
		{3D791A7A-2044-42A0-902A-FC86EDE214D4}.SingleImage|x86.ActiveCfg = Release|Any CPU
		{22BB8667-895C-449A-9DCC-90CB1900F8CB}.CD_ROM|Any CPU.ActiveCfg = Release|Any CPU
		{22BB8667-895C-449A-9DCC-90CB1900F8CB}.CD_ROM|Any CPU.Build.0 = Release|Any CPU
		{22BB8667-895C-449A-9DCC-90CB1900F8CB}.CD_ROM|Mixed Platforms.ActiveCfg = Release|Any CPU
		{22BB8667-895C-449A-9DCC-90CB1900F8CB}.CD_ROM|Mixed Platforms.Build.0 = Release|Any CPU
		{22BB8667-895C-449A-9DCC-90CB1900F8CB}.CD_ROM|x64.ActiveCfg = Release|Any CPU
		{22BB8667-895C-449A-9DCC-90CB1900F8CB}.CD_ROM|x86.ActiveCfg = Release|Any CPU
		{22BB8667-895C-449A-9DCC-90CB1900F8CB}.Debug|Any CPU.ActiveCfg = Debug|Any CPU
		{22BB8667-895C-449A-9DCC-90CB1900F8CB}.Debug|Any CPU.Build.0 = Debug|Any CPU
		{22BB8667-895C-449A-9DCC-90CB1900F8CB}.Debug|Mixed Platforms.ActiveCfg = Debug|Any CPU
		{22BB8667-895C-449A-9DCC-90CB1900F8CB}.Debug|Mixed Platforms.Build.0 = Debug|Any CPU
		{22BB8667-895C-449A-9DCC-90CB1900F8CB}.Debug|x64.ActiveCfg = Debug|Any CPU
		{22BB8667-895C-449A-9DCC-90CB1900F8CB}.Debug|x64.Build.0 = Debug|Any CPU
		{22BB8667-895C-449A-9DCC-90CB1900F8CB}.Debug|x86.ActiveCfg = Debug|x86
		{22BB8667-895C-449A-9DCC-90CB1900F8CB}.Debug|x86.Build.0 = Debug|x86
		{22BB8667-895C-449A-9DCC-90CB1900F8CB}.DVD-5|Any CPU.ActiveCfg = Debug|Any CPU
		{22BB8667-895C-449A-9DCC-90CB1900F8CB}.DVD-5|Any CPU.Build.0 = Debug|Any CPU
		{22BB8667-895C-449A-9DCC-90CB1900F8CB}.DVD-5|Mixed Platforms.ActiveCfg = Debug|Any CPU
		{22BB8667-895C-449A-9DCC-90CB1900F8CB}.DVD-5|Mixed Platforms.Build.0 = Debug|Any CPU
		{22BB8667-895C-449A-9DCC-90CB1900F8CB}.DVD-5|x64.ActiveCfg = Debug|Any CPU
		{22BB8667-895C-449A-9DCC-90CB1900F8CB}.DVD-5|x86.ActiveCfg = Debug|Any CPU
		{22BB8667-895C-449A-9DCC-90CB1900F8CB}.Release|Any CPU.ActiveCfg = Release|Any CPU
		{22BB8667-895C-449A-9DCC-90CB1900F8CB}.Release|Any CPU.Build.0 = Release|Any CPU
		{22BB8667-895C-449A-9DCC-90CB1900F8CB}.Release|Mixed Platforms.ActiveCfg = Release|Any CPU
		{22BB8667-895C-449A-9DCC-90CB1900F8CB}.Release|Mixed Platforms.Build.0 = Release|Any CPU
		{22BB8667-895C-449A-9DCC-90CB1900F8CB}.Release|x64.ActiveCfg = Release|Any CPU
		{22BB8667-895C-449A-9DCC-90CB1900F8CB}.Release|x86.ActiveCfg = Release|Any CPU
		{22BB8667-895C-449A-9DCC-90CB1900F8CB}.SingleImage|Any CPU.ActiveCfg = Release|Any CPU
		{22BB8667-895C-449A-9DCC-90CB1900F8CB}.SingleImage|Any CPU.Build.0 = Release|Any CPU
		{22BB8667-895C-449A-9DCC-90CB1900F8CB}.SingleImage|Mixed Platforms.ActiveCfg = Release|Any CPU
		{22BB8667-895C-449A-9DCC-90CB1900F8CB}.SingleImage|Mixed Platforms.Build.0 = Release|Any CPU
		{22BB8667-895C-449A-9DCC-90CB1900F8CB}.SingleImage|x64.ActiveCfg = Release|Any CPU
		{22BB8667-895C-449A-9DCC-90CB1900F8CB}.SingleImage|x86.ActiveCfg = Release|Any CPU
		{1B355F1C-9D50-4BAB-8CEB-E6CA72E6DE69}.CD_ROM|Any CPU.ActiveCfg = Release|Any CPU
		{1B355F1C-9D50-4BAB-8CEB-E6CA72E6DE69}.CD_ROM|Any CPU.Build.0 = Release|Any CPU
		{1B355F1C-9D50-4BAB-8CEB-E6CA72E6DE69}.CD_ROM|Mixed Platforms.ActiveCfg = Release|Any CPU
		{1B355F1C-9D50-4BAB-8CEB-E6CA72E6DE69}.CD_ROM|Mixed Platforms.Build.0 = Release|Any CPU
		{1B355F1C-9D50-4BAB-8CEB-E6CA72E6DE69}.CD_ROM|x64.ActiveCfg = Release|Any CPU
		{1B355F1C-9D50-4BAB-8CEB-E6CA72E6DE69}.CD_ROM|x86.ActiveCfg = Release|Any CPU
		{1B355F1C-9D50-4BAB-8CEB-E6CA72E6DE69}.Debug|Any CPU.ActiveCfg = Debug|Any CPU
		{1B355F1C-9D50-4BAB-8CEB-E6CA72E6DE69}.Debug|Any CPU.Build.0 = Debug|Any CPU
		{1B355F1C-9D50-4BAB-8CEB-E6CA72E6DE69}.Debug|Mixed Platforms.ActiveCfg = Debug|Any CPU
		{1B355F1C-9D50-4BAB-8CEB-E6CA72E6DE69}.Debug|Mixed Platforms.Build.0 = Debug|Any CPU
		{1B355F1C-9D50-4BAB-8CEB-E6CA72E6DE69}.Debug|x64.ActiveCfg = Debug|Any CPU
		{1B355F1C-9D50-4BAB-8CEB-E6CA72E6DE69}.Debug|x86.ActiveCfg = Debug|x86
		{1B355F1C-9D50-4BAB-8CEB-E6CA72E6DE69}.Debug|x86.Build.0 = Debug|x86
		{1B355F1C-9D50-4BAB-8CEB-E6CA72E6DE69}.DVD-5|Any CPU.ActiveCfg = Debug|Any CPU
		{1B355F1C-9D50-4BAB-8CEB-E6CA72E6DE69}.DVD-5|Any CPU.Build.0 = Debug|Any CPU
		{1B355F1C-9D50-4BAB-8CEB-E6CA72E6DE69}.DVD-5|Mixed Platforms.ActiveCfg = Debug|Any CPU
		{1B355F1C-9D50-4BAB-8CEB-E6CA72E6DE69}.DVD-5|Mixed Platforms.Build.0 = Debug|Any CPU
		{1B355F1C-9D50-4BAB-8CEB-E6CA72E6DE69}.DVD-5|x64.ActiveCfg = Debug|Any CPU
		{1B355F1C-9D50-4BAB-8CEB-E6CA72E6DE69}.DVD-5|x86.ActiveCfg = Debug|Any CPU
		{1B355F1C-9D50-4BAB-8CEB-E6CA72E6DE69}.Release|Any CPU.ActiveCfg = Release|Any CPU
		{1B355F1C-9D50-4BAB-8CEB-E6CA72E6DE69}.Release|Any CPU.Build.0 = Release|Any CPU
		{1B355F1C-9D50-4BAB-8CEB-E6CA72E6DE69}.Release|Mixed Platforms.ActiveCfg = Release|Any CPU
		{1B355F1C-9D50-4BAB-8CEB-E6CA72E6DE69}.Release|Mixed Platforms.Build.0 = Release|Any CPU
		{1B355F1C-9D50-4BAB-8CEB-E6CA72E6DE69}.Release|x64.ActiveCfg = Release|Any CPU
		{1B355F1C-9D50-4BAB-8CEB-E6CA72E6DE69}.Release|x86.ActiveCfg = Release|Any CPU
		{1B355F1C-9D50-4BAB-8CEB-E6CA72E6DE69}.SingleImage|Any CPU.ActiveCfg = Release|Any CPU
		{1B355F1C-9D50-4BAB-8CEB-E6CA72E6DE69}.SingleImage|Any CPU.Build.0 = Release|Any CPU
		{1B355F1C-9D50-4BAB-8CEB-E6CA72E6DE69}.SingleImage|Mixed Platforms.ActiveCfg = Release|Any CPU
		{1B355F1C-9D50-4BAB-8CEB-E6CA72E6DE69}.SingleImage|Mixed Platforms.Build.0 = Release|Any CPU
		{1B355F1C-9D50-4BAB-8CEB-E6CA72E6DE69}.SingleImage|x64.ActiveCfg = Release|Any CPU
		{1B355F1C-9D50-4BAB-8CEB-E6CA72E6DE69}.SingleImage|x86.ActiveCfg = Release|Any CPU
		{C8080119-3305-43B5-8944-592DBC960F12}.CD_ROM|Any CPU.ActiveCfg = Release|Any CPU
		{C8080119-3305-43B5-8944-592DBC960F12}.CD_ROM|Any CPU.Build.0 = Release|Any CPU
		{C8080119-3305-43B5-8944-592DBC960F12}.CD_ROM|Mixed Platforms.ActiveCfg = Release|Any CPU
		{C8080119-3305-43B5-8944-592DBC960F12}.CD_ROM|Mixed Platforms.Build.0 = Release|Any CPU
		{C8080119-3305-43B5-8944-592DBC960F12}.CD_ROM|x64.ActiveCfg = Release|Any CPU
		{C8080119-3305-43B5-8944-592DBC960F12}.CD_ROM|x86.ActiveCfg = Release|Any CPU
		{C8080119-3305-43B5-8944-592DBC960F12}.Debug|Any CPU.ActiveCfg = Debug|Any CPU
		{C8080119-3305-43B5-8944-592DBC960F12}.Debug|Any CPU.Build.0 = Debug|Any CPU
		{C8080119-3305-43B5-8944-592DBC960F12}.Debug|Mixed Platforms.ActiveCfg = Debug|Any CPU
		{C8080119-3305-43B5-8944-592DBC960F12}.Debug|Mixed Platforms.Build.0 = Debug|Any CPU
		{C8080119-3305-43B5-8944-592DBC960F12}.Debug|x64.ActiveCfg = Debug|Any CPU
		{C8080119-3305-43B5-8944-592DBC960F12}.Debug|x86.ActiveCfg = Debug|x86
		{C8080119-3305-43B5-8944-592DBC960F12}.Debug|x86.Build.0 = Debug|x86
		{C8080119-3305-43B5-8944-592DBC960F12}.DVD-5|Any CPU.ActiveCfg = Debug|Any CPU
		{C8080119-3305-43B5-8944-592DBC960F12}.DVD-5|Any CPU.Build.0 = Debug|Any CPU
		{C8080119-3305-43B5-8944-592DBC960F12}.DVD-5|Mixed Platforms.ActiveCfg = Debug|Any CPU
		{C8080119-3305-43B5-8944-592DBC960F12}.DVD-5|Mixed Platforms.Build.0 = Debug|Any CPU
		{C8080119-3305-43B5-8944-592DBC960F12}.DVD-5|x64.ActiveCfg = Debug|Any CPU
		{C8080119-3305-43B5-8944-592DBC960F12}.DVD-5|x86.ActiveCfg = Debug|Any CPU
		{C8080119-3305-43B5-8944-592DBC960F12}.Release|Any CPU.ActiveCfg = Release|Any CPU
		{C8080119-3305-43B5-8944-592DBC960F12}.Release|Any CPU.Build.0 = Release|Any CPU
		{C8080119-3305-43B5-8944-592DBC960F12}.Release|Mixed Platforms.ActiveCfg = Release|Any CPU
		{C8080119-3305-43B5-8944-592DBC960F12}.Release|Mixed Platforms.Build.0 = Release|Any CPU
		{C8080119-3305-43B5-8944-592DBC960F12}.Release|x64.ActiveCfg = Release|Any CPU
		{C8080119-3305-43B5-8944-592DBC960F12}.Release|x86.ActiveCfg = Release|Any CPU
		{C8080119-3305-43B5-8944-592DBC960F12}.SingleImage|Any CPU.ActiveCfg = Release|Any CPU
		{C8080119-3305-43B5-8944-592DBC960F12}.SingleImage|Any CPU.Build.0 = Release|Any CPU
		{C8080119-3305-43B5-8944-592DBC960F12}.SingleImage|Mixed Platforms.ActiveCfg = Release|Any CPU
		{C8080119-3305-43B5-8944-592DBC960F12}.SingleImage|Mixed Platforms.Build.0 = Release|Any CPU
		{C8080119-3305-43B5-8944-592DBC960F12}.SingleImage|x64.ActiveCfg = Release|Any CPU
		{C8080119-3305-43B5-8944-592DBC960F12}.SingleImage|x86.ActiveCfg = Release|Any CPU
		{475011C7-1636-4C6F-BF65-37D03C9A8B41}.CD_ROM|Any CPU.ActiveCfg = Release|Any CPU
		{475011C7-1636-4C6F-BF65-37D03C9A8B41}.CD_ROM|Any CPU.Build.0 = Release|Any CPU
		{475011C7-1636-4C6F-BF65-37D03C9A8B41}.CD_ROM|Mixed Platforms.ActiveCfg = Release|Any CPU
		{475011C7-1636-4C6F-BF65-37D03C9A8B41}.CD_ROM|Mixed Platforms.Build.0 = Release|Any CPU
		{475011C7-1636-4C6F-BF65-37D03C9A8B41}.CD_ROM|x64.ActiveCfg = Release|Any CPU
		{475011C7-1636-4C6F-BF65-37D03C9A8B41}.CD_ROM|x86.ActiveCfg = Release|Any CPU
		{475011C7-1636-4C6F-BF65-37D03C9A8B41}.Debug|Any CPU.ActiveCfg = Debug|Any CPU
		{475011C7-1636-4C6F-BF65-37D03C9A8B41}.Debug|Any CPU.Build.0 = Debug|Any CPU
		{475011C7-1636-4C6F-BF65-37D03C9A8B41}.Debug|Mixed Platforms.ActiveCfg = Debug|Any CPU
		{475011C7-1636-4C6F-BF65-37D03C9A8B41}.Debug|Mixed Platforms.Build.0 = Debug|Any CPU
		{475011C7-1636-4C6F-BF65-37D03C9A8B41}.Debug|x64.ActiveCfg = Debug|Any CPU
		{475011C7-1636-4C6F-BF65-37D03C9A8B41}.Debug|x86.ActiveCfg = Debug|x86
		{475011C7-1636-4C6F-BF65-37D03C9A8B41}.Debug|x86.Build.0 = Debug|x86
		{475011C7-1636-4C6F-BF65-37D03C9A8B41}.DVD-5|Any CPU.ActiveCfg = Debug|Any CPU
		{475011C7-1636-4C6F-BF65-37D03C9A8B41}.DVD-5|Any CPU.Build.0 = Debug|Any CPU
		{475011C7-1636-4C6F-BF65-37D03C9A8B41}.DVD-5|Mixed Platforms.ActiveCfg = Debug|Any CPU
		{475011C7-1636-4C6F-BF65-37D03C9A8B41}.DVD-5|Mixed Platforms.Build.0 = Debug|Any CPU
		{475011C7-1636-4C6F-BF65-37D03C9A8B41}.DVD-5|x64.ActiveCfg = Debug|Any CPU
		{475011C7-1636-4C6F-BF65-37D03C9A8B41}.DVD-5|x86.ActiveCfg = Debug|Any CPU
		{475011C7-1636-4C6F-BF65-37D03C9A8B41}.Release|Any CPU.ActiveCfg = Release|Any CPU
		{475011C7-1636-4C6F-BF65-37D03C9A8B41}.Release|Any CPU.Build.0 = Release|Any CPU
		{475011C7-1636-4C6F-BF65-37D03C9A8B41}.Release|Mixed Platforms.ActiveCfg = Release|Any CPU
		{475011C7-1636-4C6F-BF65-37D03C9A8B41}.Release|Mixed Platforms.Build.0 = Release|Any CPU
		{475011C7-1636-4C6F-BF65-37D03C9A8B41}.Release|x64.ActiveCfg = Release|Any CPU
		{475011C7-1636-4C6F-BF65-37D03C9A8B41}.Release|x86.ActiveCfg = Release|Any CPU
		{475011C7-1636-4C6F-BF65-37D03C9A8B41}.SingleImage|Any CPU.ActiveCfg = Release|Any CPU
		{475011C7-1636-4C6F-BF65-37D03C9A8B41}.SingleImage|Any CPU.Build.0 = Release|Any CPU
		{475011C7-1636-4C6F-BF65-37D03C9A8B41}.SingleImage|Mixed Platforms.ActiveCfg = Release|Any CPU
		{475011C7-1636-4C6F-BF65-37D03C9A8B41}.SingleImage|Mixed Platforms.Build.0 = Release|Any CPU
		{475011C7-1636-4C6F-BF65-37D03C9A8B41}.SingleImage|x64.ActiveCfg = Release|Any CPU
		{475011C7-1636-4C6F-BF65-37D03C9A8B41}.SingleImage|x86.ActiveCfg = Release|Any CPU
		{41B5AB51-8D24-4D3D-9448-6F3584A34C34}.CD_ROM|Any CPU.ActiveCfg = Release|x86
		{41B5AB51-8D24-4D3D-9448-6F3584A34C34}.CD_ROM|Mixed Platforms.ActiveCfg = Release|x86
		{41B5AB51-8D24-4D3D-9448-6F3584A34C34}.CD_ROM|Mixed Platforms.Build.0 = Release|x86
		{41B5AB51-8D24-4D3D-9448-6F3584A34C34}.CD_ROM|x64.ActiveCfg = Release|x86
		{41B5AB51-8D24-4D3D-9448-6F3584A34C34}.CD_ROM|x86.ActiveCfg = Release|x86
		{41B5AB51-8D24-4D3D-9448-6F3584A34C34}.CD_ROM|x86.Build.0 = Release|x86
		{41B5AB51-8D24-4D3D-9448-6F3584A34C34}.Debug|Any CPU.ActiveCfg = Debug|x86
		{41B5AB51-8D24-4D3D-9448-6F3584A34C34}.Debug|Any CPU.Build.0 = Debug|x86
		{41B5AB51-8D24-4D3D-9448-6F3584A34C34}.Debug|Mixed Platforms.ActiveCfg = Debug|x86
		{41B5AB51-8D24-4D3D-9448-6F3584A34C34}.Debug|Mixed Platforms.Build.0 = Debug|x86
		{41B5AB51-8D24-4D3D-9448-6F3584A34C34}.Debug|x64.ActiveCfg = Debug|x86
		{41B5AB51-8D24-4D3D-9448-6F3584A34C34}.Debug|x86.ActiveCfg = Debug|x86
		{41B5AB51-8D24-4D3D-9448-6F3584A34C34}.Debug|x86.Build.0 = Debug|x86
		{41B5AB51-8D24-4D3D-9448-6F3584A34C34}.DVD-5|Any CPU.ActiveCfg = Debug|x86
		{41B5AB51-8D24-4D3D-9448-6F3584A34C34}.DVD-5|Mixed Platforms.ActiveCfg = Debug|x86
		{41B5AB51-8D24-4D3D-9448-6F3584A34C34}.DVD-5|Mixed Platforms.Build.0 = Debug|x86
		{41B5AB51-8D24-4D3D-9448-6F3584A34C34}.DVD-5|x64.ActiveCfg = Debug|x86
		{41B5AB51-8D24-4D3D-9448-6F3584A34C34}.DVD-5|x86.ActiveCfg = Debug|x86
		{41B5AB51-8D24-4D3D-9448-6F3584A34C34}.DVD-5|x86.Build.0 = Debug|x86
		{41B5AB51-8D24-4D3D-9448-6F3584A34C34}.Release|Any CPU.ActiveCfg = Release|x86
		{41B5AB51-8D24-4D3D-9448-6F3584A34C34}.Release|Mixed Platforms.ActiveCfg = Release|x86
		{41B5AB51-8D24-4D3D-9448-6F3584A34C34}.Release|Mixed Platforms.Build.0 = Release|x86
		{41B5AB51-8D24-4D3D-9448-6F3584A34C34}.Release|x64.ActiveCfg = Release|x86
		{41B5AB51-8D24-4D3D-9448-6F3584A34C34}.Release|x86.ActiveCfg = Release|x86
		{41B5AB51-8D24-4D3D-9448-6F3584A34C34}.Release|x86.Build.0 = Release|x86
		{41B5AB51-8D24-4D3D-9448-6F3584A34C34}.SingleImage|Any CPU.ActiveCfg = Release|x86
		{41B5AB51-8D24-4D3D-9448-6F3584A34C34}.SingleImage|Mixed Platforms.ActiveCfg = Release|x86
		{41B5AB51-8D24-4D3D-9448-6F3584A34C34}.SingleImage|Mixed Platforms.Build.0 = Release|x86
		{41B5AB51-8D24-4D3D-9448-6F3584A34C34}.SingleImage|x64.ActiveCfg = Release|x86
		{41B5AB51-8D24-4D3D-9448-6F3584A34C34}.SingleImage|x86.ActiveCfg = Release|x86
		{41B5AB51-8D24-4D3D-9448-6F3584A34C34}.SingleImage|x86.Build.0 = Release|x86
		{8266DA82-5594-4CEA-BF14-413BD5FA95E5}.CD_ROM|Any CPU.ActiveCfg = Release|x86
		{8266DA82-5594-4CEA-BF14-413BD5FA95E5}.CD_ROM|Mixed Platforms.ActiveCfg = Release|x86
		{8266DA82-5594-4CEA-BF14-413BD5FA95E5}.CD_ROM|Mixed Platforms.Build.0 = Release|x86
		{8266DA82-5594-4CEA-BF14-413BD5FA95E5}.CD_ROM|x64.ActiveCfg = Release|x86
		{8266DA82-5594-4CEA-BF14-413BD5FA95E5}.CD_ROM|x86.ActiveCfg = Release|x86
		{8266DA82-5594-4CEA-BF14-413BD5FA95E5}.CD_ROM|x86.Build.0 = Release|x86
		{8266DA82-5594-4CEA-BF14-413BD5FA95E5}.Debug|Any CPU.ActiveCfg = Debug|Any CPU
		{8266DA82-5594-4CEA-BF14-413BD5FA95E5}.Debug|Any CPU.Build.0 = Debug|Any CPU
		{8266DA82-5594-4CEA-BF14-413BD5FA95E5}.Debug|Mixed Platforms.ActiveCfg = Debug|x86
		{8266DA82-5594-4CEA-BF14-413BD5FA95E5}.Debug|Mixed Platforms.Build.0 = Debug|x86
		{8266DA82-5594-4CEA-BF14-413BD5FA95E5}.Debug|x64.ActiveCfg = Debug|x86
		{8266DA82-5594-4CEA-BF14-413BD5FA95E5}.Debug|x86.ActiveCfg = Debug|x86
		{8266DA82-5594-4CEA-BF14-413BD5FA95E5}.Debug|x86.Build.0 = Debug|x86
		{8266DA82-5594-4CEA-BF14-413BD5FA95E5}.DVD-5|Any CPU.ActiveCfg = Debug|x86
		{8266DA82-5594-4CEA-BF14-413BD5FA95E5}.DVD-5|Mixed Platforms.ActiveCfg = Debug|x86
		{8266DA82-5594-4CEA-BF14-413BD5FA95E5}.DVD-5|Mixed Platforms.Build.0 = Debug|x86
		{8266DA82-5594-4CEA-BF14-413BD5FA95E5}.DVD-5|x64.ActiveCfg = Debug|x86
		{8266DA82-5594-4CEA-BF14-413BD5FA95E5}.DVD-5|x86.ActiveCfg = Debug|x86
		{8266DA82-5594-4CEA-BF14-413BD5FA95E5}.DVD-5|x86.Build.0 = Debug|x86
		{8266DA82-5594-4CEA-BF14-413BD5FA95E5}.Release|Any CPU.ActiveCfg = Release|x86
		{8266DA82-5594-4CEA-BF14-413BD5FA95E5}.Release|Mixed Platforms.ActiveCfg = Release|x86
		{8266DA82-5594-4CEA-BF14-413BD5FA95E5}.Release|Mixed Platforms.Build.0 = Release|x86
		{8266DA82-5594-4CEA-BF14-413BD5FA95E5}.Release|x64.ActiveCfg = Release|x86
		{8266DA82-5594-4CEA-BF14-413BD5FA95E5}.Release|x86.ActiveCfg = Release|x86
		{8266DA82-5594-4CEA-BF14-413BD5FA95E5}.Release|x86.Build.0 = Release|x86
		{8266DA82-5594-4CEA-BF14-413BD5FA95E5}.SingleImage|Any CPU.ActiveCfg = Release|x86
		{8266DA82-5594-4CEA-BF14-413BD5FA95E5}.SingleImage|Mixed Platforms.ActiveCfg = Release|x86
		{8266DA82-5594-4CEA-BF14-413BD5FA95E5}.SingleImage|Mixed Platforms.Build.0 = Release|x86
		{8266DA82-5594-4CEA-BF14-413BD5FA95E5}.SingleImage|x64.ActiveCfg = Release|x86
		{8266DA82-5594-4CEA-BF14-413BD5FA95E5}.SingleImage|x86.ActiveCfg = Release|x86
		{8266DA82-5594-4CEA-BF14-413BD5FA95E5}.SingleImage|x86.Build.0 = Release|x86
		{6702E385-F3B9-4B63-B094-70EEB5C6126B}.CD_ROM|Any CPU.ActiveCfg = Release|Any CPU
		{6702E385-F3B9-4B63-B094-70EEB5C6126B}.CD_ROM|Any CPU.Build.0 = Release|Any CPU
		{6702E385-F3B9-4B63-B094-70EEB5C6126B}.CD_ROM|Mixed Platforms.ActiveCfg = Release|Any CPU
		{6702E385-F3B9-4B63-B094-70EEB5C6126B}.CD_ROM|Mixed Platforms.Build.0 = Release|Any CPU
		{6702E385-F3B9-4B63-B094-70EEB5C6126B}.CD_ROM|x64.ActiveCfg = Release|Any CPU
		{6702E385-F3B9-4B63-B094-70EEB5C6126B}.CD_ROM|x86.ActiveCfg = Release|Any CPU
		{6702E385-F3B9-4B63-B094-70EEB5C6126B}.Debug|Any CPU.ActiveCfg = Debug|Any CPU
		{6702E385-F3B9-4B63-B094-70EEB5C6126B}.Debug|Any CPU.Build.0 = Debug|Any CPU
		{6702E385-F3B9-4B63-B094-70EEB5C6126B}.Debug|Mixed Platforms.ActiveCfg = Debug|Any CPU
		{6702E385-F3B9-4B63-B094-70EEB5C6126B}.Debug|Mixed Platforms.Build.0 = Debug|Any CPU
		{6702E385-F3B9-4B63-B094-70EEB5C6126B}.Debug|x64.ActiveCfg = Debug|Any CPU
		{6702E385-F3B9-4B63-B094-70EEB5C6126B}.Debug|x86.ActiveCfg = Debug|x86
		{6702E385-F3B9-4B63-B094-70EEB5C6126B}.Debug|x86.Build.0 = Debug|x86
		{6702E385-F3B9-4B63-B094-70EEB5C6126B}.DVD-5|Any CPU.ActiveCfg = Debug|Any CPU
		{6702E385-F3B9-4B63-B094-70EEB5C6126B}.DVD-5|Any CPU.Build.0 = Debug|Any CPU
		{6702E385-F3B9-4B63-B094-70EEB5C6126B}.DVD-5|Mixed Platforms.ActiveCfg = Debug|Any CPU
		{6702E385-F3B9-4B63-B094-70EEB5C6126B}.DVD-5|Mixed Platforms.Build.0 = Debug|Any CPU
		{6702E385-F3B9-4B63-B094-70EEB5C6126B}.DVD-5|x64.ActiveCfg = Debug|Any CPU
		{6702E385-F3B9-4B63-B094-70EEB5C6126B}.DVD-5|x86.ActiveCfg = Debug|Any CPU
		{6702E385-F3B9-4B63-B094-70EEB5C6126B}.Release|Any CPU.ActiveCfg = Release|Any CPU
		{6702E385-F3B9-4B63-B094-70EEB5C6126B}.Release|Any CPU.Build.0 = Release|Any CPU
		{6702E385-F3B9-4B63-B094-70EEB5C6126B}.Release|Mixed Platforms.ActiveCfg = Release|Any CPU
		{6702E385-F3B9-4B63-B094-70EEB5C6126B}.Release|Mixed Platforms.Build.0 = Release|Any CPU
		{6702E385-F3B9-4B63-B094-70EEB5C6126B}.Release|x64.ActiveCfg = Release|Any CPU
		{6702E385-F3B9-4B63-B094-70EEB5C6126B}.Release|x86.ActiveCfg = Release|Any CPU
		{6702E385-F3B9-4B63-B094-70EEB5C6126B}.SingleImage|Any CPU.ActiveCfg = Release|Any CPU
		{6702E385-F3B9-4B63-B094-70EEB5C6126B}.SingleImage|Any CPU.Build.0 = Release|Any CPU
		{6702E385-F3B9-4B63-B094-70EEB5C6126B}.SingleImage|Mixed Platforms.ActiveCfg = Release|Any CPU
		{6702E385-F3B9-4B63-B094-70EEB5C6126B}.SingleImage|Mixed Platforms.Build.0 = Release|Any CPU
		{6702E385-F3B9-4B63-B094-70EEB5C6126B}.SingleImage|x64.ActiveCfg = Release|Any CPU
		{6702E385-F3B9-4B63-B094-70EEB5C6126B}.SingleImage|x86.ActiveCfg = Release|Any CPU
		{5D03D6CA-077B-4EF3-8937-8B05114B6A22}.CD_ROM|Any CPU.ActiveCfg = Release|Any CPU
		{5D03D6CA-077B-4EF3-8937-8B05114B6A22}.CD_ROM|Any CPU.Build.0 = Release|Any CPU
		{5D03D6CA-077B-4EF3-8937-8B05114B6A22}.CD_ROM|Mixed Platforms.ActiveCfg = Release|Any CPU
		{5D03D6CA-077B-4EF3-8937-8B05114B6A22}.CD_ROM|Mixed Platforms.Build.0 = Release|Any CPU
		{5D03D6CA-077B-4EF3-8937-8B05114B6A22}.CD_ROM|x64.ActiveCfg = Release|Any CPU
		{5D03D6CA-077B-4EF3-8937-8B05114B6A22}.CD_ROM|x86.ActiveCfg = Release|Any CPU
		{5D03D6CA-077B-4EF3-8937-8B05114B6A22}.Debug|Any CPU.ActiveCfg = Debug|Any CPU
		{5D03D6CA-077B-4EF3-8937-8B05114B6A22}.Debug|Any CPU.Build.0 = Debug|Any CPU
		{5D03D6CA-077B-4EF3-8937-8B05114B6A22}.Debug|Mixed Platforms.ActiveCfg = Debug|Any CPU
		{5D03D6CA-077B-4EF3-8937-8B05114B6A22}.Debug|Mixed Platforms.Build.0 = Debug|Any CPU
		{5D03D6CA-077B-4EF3-8937-8B05114B6A22}.Debug|x64.ActiveCfg = Debug|Any CPU
		{5D03D6CA-077B-4EF3-8937-8B05114B6A22}.Debug|x86.ActiveCfg = Debug|Any CPU
		{5D03D6CA-077B-4EF3-8937-8B05114B6A22}.DVD-5|Any CPU.ActiveCfg = Debug|Any CPU
		{5D03D6CA-077B-4EF3-8937-8B05114B6A22}.DVD-5|Any CPU.Build.0 = Debug|Any CPU
		{5D03D6CA-077B-4EF3-8937-8B05114B6A22}.DVD-5|Mixed Platforms.ActiveCfg = Debug|Any CPU
		{5D03D6CA-077B-4EF3-8937-8B05114B6A22}.DVD-5|Mixed Platforms.Build.0 = Debug|Any CPU
		{5D03D6CA-077B-4EF3-8937-8B05114B6A22}.DVD-5|x64.ActiveCfg = Debug|Any CPU
		{5D03D6CA-077B-4EF3-8937-8B05114B6A22}.DVD-5|x86.ActiveCfg = Debug|Any CPU
		{5D03D6CA-077B-4EF3-8937-8B05114B6A22}.Release|Any CPU.ActiveCfg = Release|Any CPU
		{5D03D6CA-077B-4EF3-8937-8B05114B6A22}.Release|Any CPU.Build.0 = Release|Any CPU
		{5D03D6CA-077B-4EF3-8937-8B05114B6A22}.Release|Mixed Platforms.ActiveCfg = Release|Any CPU
		{5D03D6CA-077B-4EF3-8937-8B05114B6A22}.Release|Mixed Platforms.Build.0 = Release|Any CPU
		{5D03D6CA-077B-4EF3-8937-8B05114B6A22}.Release|x64.ActiveCfg = Release|Any CPU
		{5D03D6CA-077B-4EF3-8937-8B05114B6A22}.Release|x86.ActiveCfg = Release|Any CPU
		{5D03D6CA-077B-4EF3-8937-8B05114B6A22}.SingleImage|Any CPU.ActiveCfg = Release|Any CPU
		{5D03D6CA-077B-4EF3-8937-8B05114B6A22}.SingleImage|Any CPU.Build.0 = Release|Any CPU
		{5D03D6CA-077B-4EF3-8937-8B05114B6A22}.SingleImage|Mixed Platforms.ActiveCfg = Release|Any CPU
		{5D03D6CA-077B-4EF3-8937-8B05114B6A22}.SingleImage|Mixed Platforms.Build.0 = Release|Any CPU
		{5D03D6CA-077B-4EF3-8937-8B05114B6A22}.SingleImage|x64.ActiveCfg = Release|Any CPU
		{5D03D6CA-077B-4EF3-8937-8B05114B6A22}.SingleImage|x86.ActiveCfg = Release|Any CPU
	EndGlobalSection
	GlobalSection(SolutionProperties) = preSolution
		HideSolutionNode = FALSE
	EndGlobalSection
	GlobalSection(SubversionScc) = preSolution
		Svn-Managed = True
		Manager = AnkhSVN - Subversion Support for Visual Studio
	EndGlobalSection
EndGlobal
